
Microsoft Visual Studio Solution File, Format Version 12.00
Project("{FAE04EC0-301F-11D3-BF4B-00C04F79EFBC}") = "ChinookLibrary", "ChinookLibrary\ChinookLibrary.csproj", "{96E15514-B072-4817-99E1-269157E95809}"
EndProject
Global
	GlobalSection(SolutionConfigurationPlatforms) = preSolution
		Debug|Any CPU = Debug|Any CPU
		Release|Any CPU = Release|Any CPU
	EndGlobalSection
	GlobalSection(ProjectConfigurationPlatforms) = postSolution
		{96E15514-B072-4817-99E1-269157E95809}.Debug|Any CPU.ActiveCfg = Debug|Any CPU
		{96E15514-B072-4817-99E1-269157E95809}.Debug|Any CPU.Build.0 = Debug|Any CPU
		{96E15514-B072-4817-99E1-269157E95809}.Release|Any CPU.ActiveCfg = Release|Any CPU
		{96E15514-B072-4817-99E1-269157E95809}.Release|Any CPU.Build.0 = Release|Any CPU
	EndGlobalSection
EndGlobal
